
Microsoft Visual Studio Solution File, Format Version 12.00
# Visual Studio Version 16
VisualStudioVersion = 16.0.29519.181
MinimumVisualStudioVersion = 10.0.40219.1
Project("{FAE04EC0-301F-11D3-BF4B-00C04F79EFBC}") = "BranchingDemo", "BranchingDemo\BranchingDemo.csproj", "{522D38CB-BDE0-499B-8AEF-AA196E198C0B}"
EndProject
Project("{FAE04EC0-301F-11D3-BF4B-00C04F79EFBC}") = "IteratorDemo", "IteratorDemo\IteratorDemo.csproj", "{43A75255-06C1-4FDF-912A-75DCF0F64832}"
EndProject
Project("{FAE04EC0-301F-11D3-BF4B-00C04F79EFBC}") = "ValueObjectDemo", "ValueObjectDemo\ValueObjectDemo.csproj", "{5C9848AB-40CD-4E5B-A352-2D784E2402AC}"
EndProject
Project("{FAE04EC0-301F-11D3-BF4B-00C04F79EFBC}") = "ValueObjectEqualityOperatorDemo", "ValueObjectEqualityOperatorDemo\ValueObjectEqualityOperatorDemo.csproj", "{990F2BA3-D220-4E49-A1A3-6853C28031BD}"
EndProject
Project("{FAE04EC0-301F-11D3-BF4B-00C04F79EFBC}") = "SpecialCaseDemo", "SpecialCaseDemo\SpecialCaseDemo.csproj", "{21EE705F-A2E1-4319-BBD0-5286098CA8AA}"
EndProject
Project("{FAE04EC0-301F-11D3-BF4B-00C04F79EFBC}") = "SwitchDemo", "SwitchDemo\SwitchDemo.csproj", "{D9C0EF8B-175C-4DB4-9E95-5780CC8B81BF}"
EndProject
Project("{FAE04EC0-301F-11D3-BF4B-00C04F79EFBC}") = "RulesDemo", "RulesDemo\RulesDemo.csproj", "{D94329E6-7350-48AB-8668-1BEA98163720}"
EndProject
Global
	GlobalSection(SolutionConfigurationPlatforms) = preSolution
		Debug|Any CPU = Debug|Any CPU
		Release|Any CPU = Release|Any CPU
	EndGlobalSection
	GlobalSection(ProjectConfigurationPlatforms) = postSolution
		{522D38CB-BDE0-499B-8AEF-AA196E198C0B}.Debug|Any CPU.ActiveCfg = Debug|Any CPU
		{522D38CB-BDE0-499B-8AEF-AA196E198C0B}.Debug|Any CPU.Build.0 = Debug|Any CPU
		{522D38CB-BDE0-499B-8AEF-AA196E198C0B}.Release|Any CPU.ActiveCfg = Release|Any CPU
		{522D38CB-BDE0-499B-8AEF-AA196E198C0B}.Release|Any CPU.Build.0 = Release|Any CPU
		{43A75255-06C1-4FDF-912A-75DCF0F64832}.Debug|Any CPU.ActiveCfg = Debug|Any CPU
		{43A75255-06C1-4FDF-912A-75DCF0F64832}.Debug|Any CPU.Build.0 = Debug|Any CPU
		{43A75255-06C1-4FDF-912A-75DCF0F64832}.Release|Any CPU.ActiveCfg = Release|Any CPU
		{43A75255-06C1-4FDF-912A-75DCF0F64832}.Release|Any CPU.Build.0 = Release|Any CPU
		{5C9848AB-40CD-4E5B-A352-2D784E2402AC}.Debug|Any CPU.ActiveCfg = Debug|Any CPU
		{5C9848AB-40CD-4E5B-A352-2D784E2402AC}.Debug|Any CPU.Build.0 = Debug|Any CPU
		{5C9848AB-40CD-4E5B-A352-2D784E2402AC}.Release|Any CPU.ActiveCfg = Release|Any CPU
		{5C9848AB-40CD-4E5B-A352-2D784E2402AC}.Release|Any CPU.Build.0 = Release|Any CPU
		{990F2BA3-D220-4E49-A1A3-6853C28031BD}.Debug|Any CPU.ActiveCfg = Debug|Any CPU
		{990F2BA3-D220-4E49-A1A3-6853C28031BD}.Debug|Any CPU.Build.0 = Debug|Any CPU
		{990F2BA3-D220-4E49-A1A3-6853C28031BD}.Release|Any CPU.ActiveCfg = Release|Any CPU
		{990F2BA3-D220-4E49-A1A3-6853C28031BD}.Release|Any CPU.Build.0 = Release|Any CPU
		{21EE705F-A2E1-4319-BBD0-5286098CA8AA}.Debug|Any CPU.ActiveCfg = Debug|Any CPU
		{21EE705F-A2E1-4319-BBD0-5286098CA8AA}.Debug|Any CPU.Build.0 = Debug|Any CPU
		{21EE705F-A2E1-4319-BBD0-5286098CA8AA}.Release|Any CPU.ActiveCfg = Release|Any CPU
		{21EE705F-A2E1-4319-BBD0-5286098CA8AA}.Release|Any CPU.Build.0 = Release|Any CPU
		{D9C0EF8B-175C-4DB4-9E95-5780CC8B81BF}.Debug|Any CPU.ActiveCfg = Debug|Any CPU
		{D9C0EF8B-175C-4DB4-9E95-5780CC8B81BF}.Debug|Any CPU.Build.0 = Debug|Any CPU
		{D9C0EF8B-175C-4DB4-9E95-5780CC8B81BF}.Release|Any CPU.ActiveCfg = Release|Any CPU
		{D9C0EF8B-175C-4DB4-9E95-5780CC8B81BF}.Release|Any CPU.Build.0 = Release|Any CPU
		{D94329E6-7350-48AB-8668-1BEA98163720}.Debug|Any CPU.ActiveCfg = Debug|Any CPU
		{D94329E6-7350-48AB-8668-1BEA98163720}.Debug|Any CPU.Build.0 = Debug|Any CPU
		{D94329E6-7350-48AB-8668-1BEA98163720}.Release|Any CPU.ActiveCfg = Release|Any CPU
		{D94329E6-7350-48AB-8668-1BEA98163720}.Release|Any CPU.Build.0 = Release|Any CPU
	EndGlobalSection
	GlobalSection(SolutionProperties) = preSolution
		HideSolutionNode = FALSE
	EndGlobalSection
	GlobalSection(ExtensibilityGlobals) = postSolution
		SolutionGuid = {D51A1970-DBA6-41EF-94C4-506F96C09FE9}
	EndGlobalSection
EndGlobal
